<?xml version="1.0" encoding="utf-8"?>
<Project ToolsVersion="4.0" xmlns="http://schemas.microsoft.com/developer/msbuild/2003">
  <ItemGroup>
    <Filter Include="Source Files">
      <UniqueIdentifier>{4FC737F1-C7A5-4376-A066-2A32D752A2FF}</UniqueIdentifier>
      <Extensions>cpp;c;cc;cxx;c++;def;odl;idl;hpj;bat;asm;asmx</Extensions>
    </Filter>
    <Filter Include="Header Files">
      <UniqueIdentifier>{93995380-89BD-4b04-88EB-625FBE52EBFB}</UniqueIdentifier>
      <Extensions>h;hh;hpp;hxx;h++;hm;inl;inc;ipp;xsd</Extensions>
    </Filter>
    <Filter Include="Resource Files">
      <UniqueIdentifier>{67DA6AB6-F800-4c08-8B7A-83BB121AAD01}</UniqueIdentifier>
      <Extensions>rc;ico;cur;bmp;dlg;rc2;rct;bin;rgs;gif;jpg;jpeg;jpe;resx;tiff;tif;png;wav;mfcribbon-ms</Extensions>
    </Filter>
    <Filter Include="Header Files\logicGates">
      <UniqueIdentifier>{6736e7b8-bae5-4c71-800f-d2cfb776a0a2}</UniqueIdentifier>
    </Filter>
    <Filter Include="Header Files\factoryMethodes">
      <UniqueIdentifier>{a0e989c5-6bb4-4ce5-96ca-239cf2b4df6f}</UniqueIdentifier>
    </Filter>
    <Filter Include="Header Files\Node">
      <UniqueIdentifier>{c82a8745-09be-48a1-a25b-0759e161b52d}</UniqueIdentifier>
    </Filter>
    <Filter Include="Source Files\logicGates">
      <UniqueIdentifier>{a37c233d-99ac-4a87-963b-7d08392489a9}</UniqueIdentifier>
    </Filter>
    <Filter Include="Source Files\Nodes">
      <UniqueIdentifier>{b54fd6c8-6f84-4a71-ae84-419c377c2431}</UniqueIdentifier>
    </Filter>
    <Filter Include="Header Files\FileHandlers">
      <UniqueIdentifier>{e8311022-5ff1-4fea-aedf-c8fba316d61e}</UniqueIdentifier>
    </Filter>
    <Filter Include="Source Files\FileHandlers">
      <UniqueIdentifier>{d7dc791c-e816-4b60-a4d1-0abbec5bcbad}</UniqueIdentifier>
    </Filter>
    <Filter Include="Header Files\IO">
      <UniqueIdentifier>{00e853e7-94ed-4766-8894-0006273abec7}</UniqueIdentifier>
    </Filter>
    <Filter Include="Source Files\IO">
      <UniqueIdentifier>{9cc6b062-dcaf-4e24-ab15-6345a803bfdd}</UniqueIdentifier>
    </Filter>
  </ItemGroup>
  <ItemGroup>
    <ClCompile Include="main.cpp">
      <Filter>Source Files</Filter>
    </ClCompile>
    <ClCompile Include="AND.cpp">
      <Filter>Source Files\logicGates</Filter>
    </ClCompile>
    <ClCompile Include="XOR.cpp">
      <Filter>Source Files\logicGates</Filter>
    </ClCompile>
    <ClCompile Include="NOT.cpp">
      <Filter>Source Files\logicGates</Filter>
    </ClCompile>
    <ClCompile Include="OR.cpp">
      <Filter>Source Files\logicGates</Filter>
    </ClCompile>
    <ClCompile Include="NAND.cpp">
      <Filter>Source Files\logicGates</Filter>
    </ClCompile>
    <ClCompile Include="NOR.cpp">
      <Filter>Source Files\logicGates</Filter>
    </ClCompile>
    <ClCompile Include="Node.cpp">
      <Filter>Source Files\Nodes</Filter>
    </ClCompile>
    <ClCompile Include="ProbeNode.cpp">
      <Filter>Source Files\Nodes</Filter>
    </ClCompile>
    <ClCompile Include="InputNode.cpp">
      <Filter>Source Files\Nodes</Filter>
    </ClCompile>
    <ClCompile Include="Circuit.cpp">
      <Filter>Source Files</Filter>
    </ClCompile>
    <ClCompile Include="Simulation.cpp">
      <Filter>Source Files</Filter>
    </ClCompile>
    <ClCompile Include="InputFileHandler.cpp">
      <Filter>Source Files\FileHandlers</Filter>
    </ClCompile>
    <ClCompile Include="OutputFileHandler.cpp">
      <Filter>Source Files\FileHandlers</Filter>
    </ClCompile>
    <ClCompile Include="Output.cpp">
      <Filter>Source Files\IO</Filter>
    </ClCompile>
    <ClCompile Include="NodeDatabase.cpp">
      <Filter>Source Files</Filter>
    </ClCompile>
  </ItemGroup>
  <ItemGroup>
    <ClInclude Include="AND.h">
      <Filter>Header Files\logicGates</Filter>
    </ClInclude>
    <ClInclude Include="NOR.h">
      <Filter>Header Files\logicGates</Filter>
    </ClInclude>
    <ClInclude Include="NOT.h">
      <Filter>Header Files\logicGates</Filter>
    </ClInclude>
    <ClInclude Include="OR.h">
      <Filter>Header Files\logicGates</Filter>
    </ClInclude>
    <ClInclude Include="NAND.h">
      <Filter>Header Files\logicGates</Filter>
    </ClInclude>
    <ClInclude Include="factoryMethod.h">
      <Filter>Header Files\factoryMethodes</Filter>
    </ClInclude>
    <ClInclude Include="Node.h">
      <Filter>Header Files\Node</Filter>
    </ClInclude>
    <ClInclude Include="ProbeNode.h">
      <Filter>Header Files\Node</Filter>
    </ClInclude>
    <ClInclude Include="InputNode.h">
      <Filter>Header Files\Node</Filter>
    </ClInclude>
    <ClInclude Include="XOR.h">
      <Filter>Header Files\logicGates</Filter>
    </ClInclude>
    <ClInclude Include="Circuit.h">
      <Filter>Header Files</Filter>
    </ClInclude>
    <ClInclude Include="Simulation.h">
      <Filter>Header Files</Filter>
    </ClInclude>
    <ClInclude Include="InputFileHandler.h">
      <Filter>Header Files\FileHandlers</Filter>
    </ClInclude>
    <ClInclude Include="OutputFileHandler.h">
      <Filter>Header Files\FileHandlers</Filter>
    </ClInclude>
    <ClInclude Include="Defines.h">
      <Filter>Header Files</Filter>
    </ClInclude>
    <ClInclude Include="factoryMethod.hpp">
      <Filter>Header Files\factoryMethodes</Filter>
    </ClInclude>
    <ClInclude Include="Output.h">
      <Filter>Header Files\IO</Filter>
    </ClInclude>
    <ClInclude Include="NodeDatabase.h">
      <Filter>Header Files</Filter>
    </ClInclude>
  </ItemGroup>
  <ItemGroup>
    <Text Include="circuit1.txt">
      <Filter>Resource Files</Filter>
    </Text>
  </ItemGroup>
</Project>